
Microsoft Visual Studio Solution File, Format Version 12.00
Project("{FAE04EC0-301F-11D3-BF4B-00C04F79EFBC}") = "ReaCw1", "ReaCw1\ReaCw1.csproj", "{2C4502FF-4475-4810-B774-76B4014B50E1}"
EndProject
Project("{FAE04EC0-301F-11D3-BF4B-00C04F79EFBC}") = "ReaCw1.Tests", "ReaCw1.Tests\ReaCw1.Tests.csproj", "{47E3721F-B9B3-4499-8A70-34F18C723B4E}"
EndProject
Global
	GlobalSection(SolutionConfigurationPlatforms) = preSolution
		Debug|Any CPU = Debug|Any CPU
		Release|Any CPU = Release|Any CPU
	EndGlobalSection
	GlobalSection(ProjectConfigurationPlatforms) = postSolution
		{2C4502FF-4475-4810-B774-76B4014B50E1}.Debug|Any CPU.ActiveCfg = Debug|Any CPU
		{2C4502FF-4475-4810-B774-76B4014B50E1}.Debug|Any CPU.Build.0 = Debug|Any CPU
		{2C4502FF-4475-4810-B774-76B4014B50E1}.Release|Any CPU.ActiveCfg = Release|Any CPU
		{2C4502FF-4475-4810-B774-76B4014B50E1}.Release|Any CPU.Build.0 = Release|Any CPU
		{47E3721F-B9B3-4499-8A70-34F18C723B4E}.Debug|Any CPU.ActiveCfg = Debug|Any CPU
		{47E3721F-B9B3-4499-8A70-34F18C723B4E}.Debug|Any CPU.Build.0 = Debug|Any CPU
		{47E3721F-B9B3-4499-8A70-34F18C723B4E}.Release|Any CPU.ActiveCfg = Release|Any CPU
		{47E3721F-B9B3-4499-8A70-34F18C723B4E}.Release|Any CPU.Build.0 = Release|Any CPU
	EndGlobalSection
EndGlobal
